
Microsoft Visual Studio Solution File, Format Version 12.00
# Visual Studio Version 16
VisualStudioVersion = 16.0.30611.23
MinimumVisualStudioVersion = 10.0.40219.1
Project("{FAE04EC0-301F-11D3-BF4B-00C04F79EFBC}") = "WindowsFormsApp1-Test", "WindowsFormsApp1-Test\WindowsFormsApp1-Test.csproj", "{94377830-1283-4FB8-8966-67AC535838D6}"
EndProject
Global
	GlobalSection(SolutionConfigurationPlatforms) = preSolution
		Debug|Any CPU = Debug|Any CPU
		Release|Any CPU = Release|Any CPU
	EndGlobalSection
	GlobalSection(ProjectConfigurationPlatforms) = postSolution
		{94377830-1283-4FB8-8966-67AC535838D6}.Debug|Any CPU.ActiveCfg = Debug|Any CPU
		{94377830-1283-4FB8-8966-67AC535838D6}.Debug|Any CPU.Build.0 = Debug|Any CPU
		{94377830-1283-4FB8-8966-67AC535838D6}.Release|Any CPU.ActiveCfg = Release|Any CPU
		{94377830-1283-4FB8-8966-67AC535838D6}.Release|Any CPU.Build.0 = Release|Any CPU
	EndGlobalSection
	GlobalSection(SolutionProperties) = preSolution
		HideSolutionNode = FALSE
	EndGlobalSection
	GlobalSection(ExtensibilityGlobals) = postSolution
		SolutionGuid = {DF4A98F7-842B-42B3-9A6F-597BD78BB3CD}
	EndGlobalSection
EndGlobal
